
Microsoft Visual Studio Solution File, Format Version 12.00
# Visual Studio 14
VisualStudioVersion = 14.0.25420.1
MinimumVisualStudioVersion = 10.0.40219.1
Project("{FAE04EC0-301F-11D3-BF4B-00C04F79EFBC}") = "VCI Git Connector", "VCI Git Connector\VCI Git Connector.csproj", "{5A29D36C-CFC1-4E76-A875-7242A678C1EF}"
EndProject
Project("{FAE04EC0-301F-11D3-BF4B-00C04F79EFBC}") = "VCI Git Connector UI", "VCI Git Connector UI\VCI Git Connector UI.csproj", "{39A7889B-54D0-4E9C-B46E-38DB38177C23}"
EndProject
Global
	GlobalSection(SolutionConfigurationPlatforms) = preSolution
		Debug|Any CPU = Debug|Any CPU
		Release|Any CPU = Release|Any CPU
	EndGlobalSection
	GlobalSection(ProjectConfigurationPlatforms) = postSolution
		{5A29D36C-CFC1-4E76-A875-7242A678C1EF}.Debug|Any CPU.ActiveCfg = Debug|Any CPU
		{5A29D36C-CFC1-4E76-A875-7242A678C1EF}.Debug|Any CPU.Build.0 = Debug|Any CPU
		{5A29D36C-CFC1-4E76-A875-7242A678C1EF}.Release|Any CPU.ActiveCfg = Release|Any CPU
		{5A29D36C-CFC1-4E76-A875-7242A678C1EF}.Release|Any CPU.Build.0 = Release|Any CPU
		{39A7889B-54D0-4E9C-B46E-38DB38177C23}.Debug|Any CPU.ActiveCfg = Debug|Any CPU
		{39A7889B-54D0-4E9C-B46E-38DB38177C23}.Debug|Any CPU.Build.0 = Debug|Any CPU
		{39A7889B-54D0-4E9C-B46E-38DB38177C23}.Release|Any CPU.ActiveCfg = Release|Any CPU
		{39A7889B-54D0-4E9C-B46E-38DB38177C23}.Release|Any CPU.Build.0 = Release|Any CPU
	EndGlobalSection
	GlobalSection(SolutionProperties) = preSolution
		HideSolutionNode = FALSE
	EndGlobalSection
EndGlobal
